// !$*UTF8*$!
{
	archiveVersion = 1;
	classes = {
	};
	objectVersion = 50;
	objects = {

/* Begin PBXBuildFile section */
		8125034D2728031A0097821A /* City.swift in Sources */ = {isa = PBXBuildFile; fileRef = 8125034C2728031A0097821A /* City.swift */; };
		8125034F272804270097821A /* CityViewModel.swift in Sources */ = {isa = PBXBuildFile; fileRef = 8125034E272804270097821A /* CityViewModel.swift */; };
		8125035127281EAC0097821A /* WeatherView.swift in Sources */ = {isa = PBXBuildFile; fileRef = 8125035027281EAC0097821A /* WeatherView.swift */; };
		81DA586727179288005ED135 /* WeatherForecastApp.swift in Sources */ = {isa = PBXBuildFile; fileRef = 81DA586627179288005ED135 /* WeatherForecastApp.swift */; };
		81DA586927179288005ED135 /* CityView.swift in Sources */ = {isa = PBXBuildFile; fileRef = 81DA586827179288005ED135 /* CityView.swift */; };
		81DA586B2717928A005ED135 /* Assets.xcassets in Resources */ = {isa = PBXBuildFile; fileRef = 81DA586A2717928A005ED135 /* Assets.xcassets */; };
		81DA586E2717928A005ED135 /* Preview Assets.xcassets in Resources */ = {isa = PBXBuildFile; fileRef = 81DA586D2717928A005ED135 /* Preview Assets.xcassets */; };
		81DA58792717928A005ED135 /* WeatherForecastTests.swift in Sources */ = {isa = PBXBuildFile; fileRef = 81DA58782717928A005ED135 /* WeatherForecastTests.swift */; };
		81DA58842717928A005ED135 /* WeatherForecastUITests.swift in Sources */ = {isa = PBXBuildFile; fileRef = 81DA58832717928A005ED135 /* WeatherForecastUITests.swift */; };
/* End PBXBuildFile section */

/* Begin PBXContainerItemProxy section */
		81DA58752717928A005ED135 /* PBXContainerItemProxy */ = {
			isa = PBXContainerItemProxy;
			containerPortal = 81DA585B27179288005ED135 /* Project object */;
			proxyType = 1;
			remoteGlobalIDString = 81DA586227179288005ED135;
			remoteInfo = WeatherForecast;
		};
		81DA58802717928A005ED135 /* PBXContainerItemProxy */ = {
			isa = PBXContainerItemProxy;
			containerPortal = 81DA585B27179288005ED135 /* Project object */;
			proxyType = 1;
			remoteGlobalIDString = 81DA586227179288005ED135;
			remoteInfo = WeatherForecast;
		};
/* End PBXContainerItemProxy section */

/* Begin PBXFileReference section */
		8125034C2728031A0097821A /* City.swift */ = {isa = PBXFileReference; lastKnownFileType = sourcecode.swift; path = City.swift; sourceTree = "<group>"; };
		8125034E272804270097821A /* CityViewModel.swift */ = {isa = PBXFileReference; lastKnownFileType = sourcecode.swift; path = CityViewModel.swift; sourceTree = "<group>"; };
		8125035027281EAC0097821A /* WeatherView.swift */ = {isa = PBXFileReference; lastKnownFileType = sourcecode.swift; path = WeatherView.swift; sourceTree = "<group>"; };
		81DA586327179288005ED135 /* Weather Forecast.app */ = {isa = PBXFileReference; explicitFileType = wrapper.application; includeInIndex = 0; path = "Weather Forecast.app"; sourceTree = BUILT_PRODUCTS_DIR; };
		81DA586627179288005ED135 /* WeatherForecastApp.swift */ = {isa = PBXFileReference; lastKnownFileType = sourcecode.swift; path = WeatherForecastApp.swift; sourceTree = "<group>"; };
		81DA586827179288005ED135 /* CityView.swift */ = {isa = PBXFileReference; lastKnownFileType = sourcecode.swift; path = CityView.swift; sourceTree = "<group>"; };
		81DA586A2717928A005ED135 /* Assets.xcassets */ = {isa = PBXFileReference; lastKnownFileType = folder.assetcatalog; path = Assets.xcassets; sourceTree = "<group>"; };
		81DA586D2717928A005ED135 /* Preview Assets.xcassets */ = {isa = PBXFileReference; lastKnownFileType = folder.assetcatalog; path = "Preview Assets.xcassets"; sourceTree = "<group>"; };
		81DA586F2717928A005ED135 /* Info.plist */ = {isa = PBXFileReference; lastKnownFileType = text.plist.xml; path = Info.plist; sourceTree = "<group>"; };
		81DA58742717928A005ED135 /* Weather ForecastTests.xctest */ = {isa = PBXFileReference; explicitFileType = wrapper.cfbundle; includeInIndex = 0; path = "Weather ForecastTests.xctest"; sourceTree = BUILT_PRODUCTS_DIR; };
		81DA58782717928A005ED135 /* WeatherForecastTests.swift */ = {isa = PBXFileReference; lastKnownFileType = sourcecode.swift; path = WeatherForecastTests.swift; sourceTree = "<group>"; };
		81DA587A2717928A005ED135 /* Info.plist */ = {isa = PBXFileReference; lastKnownFileType = text.plist.xml; path = Info.plist; sourceTree = "<group>"; };
		81DA587F2717928A005ED135 /* Weather ForecastUITests.xctest */ = {isa = PBXFileReference; explicitFileType = wrapper.cfbundle; includeInIndex = 0; path = "Weather ForecastUITests.xctest"; sourceTree = BUILT_PRODUCTS_DIR; };
		81DA58832717928A005ED135 /* WeatherForecastUITests.swift */ = {isa = PBXFileReference; lastKnownFileType = sourcecode.swift; path = WeatherForecastUITests.swift; sourceTree = "<group>"; };
		81DA58852717928A005ED135 /* Info.plist */ = {isa = PBXFileReference; lastKnownFileType = text.plist.xml; path = Info.plist; sourceTree = "<group>"; };
/* End PBXFileReference section */

/* Begin PBXFrameworksBuildPhase section */
		81DA586027179288005ED135 /* Frameworks */ = {
			isa = PBXFrameworksBuildPhase;
			buildActionMask = 2147483647;
			files = (
			);
			runOnlyForDeploymentPostprocessing = 0;
		};
		81DA58712717928A005ED135 /* Frameworks */ = {
			isa = PBXFrameworksBuildPhase;
			buildActionMask = 2147483647;
			files = (
			);
			runOnlyForDeploymentPostprocessing = 0;
		};
		81DA587C2717928A005ED135 /* Frameworks */ = {
			isa = PBXFrameworksBuildPhase;
			buildActionMask = 2147483647;
			files = (
			);
			runOnlyForDeploymentPostprocessing = 0;
		};
/* End PBXFrameworksBuildPhase section */

/* Begin PBXGroup section */
		81DA585A27179288005ED135 = {
			isa = PBXGroup;
			children = (
				81DA586527179288005ED135 /* WeatherForecast */,
				81DA58772717928A005ED135 /* WeatherForecastTests */,
				81DA58822717928A005ED135 /* WeatherForecastUITests */,
				81DA586427179288005ED135 /* Products */,
			);
			sourceTree = "<group>";
		};
		81DA586427179288005ED135 /* Products */ = {
			isa = PBXGroup;
			children = (
				81DA586327179288005ED135 /* Weather Forecast.app */,
				81DA58742717928A005ED135 /* Weather ForecastTests.xctest */,
				81DA587F2717928A005ED135 /* Weather ForecastUITests.xctest */,
			);
			name = Products;
			sourceTree = "<group>";
		};
		81DA586527179288005ED135 /* WeatherForecast */ = {
			isa = PBXGroup;
			children = (
				81DA5893271796F3005ED135 /* ViewModels */,
				81DA5892271796EE005ED135 /* Views */,
				81DA5891271796E8005ED135 /* Models */,
				81DA586627179288005ED135 /* WeatherForecastApp.swift */,
				81DA586A2717928A005ED135 /* Assets.xcassets */,
				81DA586F2717928A005ED135 /* Info.plist */,
				81DA586C2717928A005ED135 /* Preview Content */,
			);
			path = WeatherForecast;
			sourceTree = "<group>";
		};
		81DA586C2717928A005ED135 /* Preview Content */ = {
			isa = PBXGroup;
			children = (
				81DA586D2717928A005ED135 /* Preview Assets.xcassets */,
			);
			path = "Preview Content";
			sourceTree = "<group>";
		};
		81DA58772717928A005ED135 /* WeatherForecastTests */ = {
			isa = PBXGroup;
			children = (
				81DA58782717928A005ED135 /* WeatherForecastTests.swift */,
				81DA587A2717928A005ED135 /* Info.plist */,
			);
			path = WeatherForecastTests;
			sourceTree = "<group>";
		};
		81DA58822717928A005ED135 /* WeatherForecastUITests */ = {
			isa = PBXGroup;
			children = (
				81DA58832717928A005ED135 /* WeatherForecastUITests.swift */,
				81DA58852717928A005ED135 /* Info.plist */,
			);
			path = WeatherForecastUITests;
			sourceTree = "<group>";
		};
		81DA5891271796E8005ED135 /* Models */ = {
			isa = PBXGroup;
			children = (
				8125034C2728031A0097821A /* City.swift */,
			);
			path = Models;
			sourceTree = "<group>";
		};
		81DA5892271796EE005ED135 /* Views */ = {
			isa = PBXGroup;
			children = (
				81DA586827179288005ED135 /* CityView.swift */,
				8125035027281EAC0097821A /* WeatherView.swift */,
			);
			path = Views;
			sourceTree = "<group>";
		};
		81DA5893271796F3005ED135 /* ViewModels */ = {
			isa = PBXGroup;
			children = (
				8125034E272804270097821A /* CityViewModel.swift */,
			);
			path = ViewModels;
			sourceTree = "<group>";
		};
/* End PBXGroup section */

/* Begin PBXNativeTarget section */
		81DA586227179288005ED135 /* Weather Forecast */ = {
			isa = PBXNativeTarget;
			buildConfigurationList = 81DA58882717928A005ED135 /* Build configuration list for PBXNativeTarget "Weather Forecast" */;
			buildPhases = (
				81DA585F27179288005ED135 /* Sources */,
				81DA586027179288005ED135 /* Frameworks */,
				81DA586127179288005ED135 /* Resources */,
			);
			buildRules = (
			);
			dependencies = (
			);
			name = "Weather Forecast";
			productName = WeatherForecast;
			productReference = 81DA586327179288005ED135 /* Weather Forecast.app */;
			productType = "com.apple.product-type.application";
		};
		81DA58732717928A005ED135 /* Weather ForecastTests */ = {
			isa = PBXNativeTarget;
			buildConfigurationList = 81DA588B2717928A005ED135 /* Build configuration list for PBXNativeTarget "Weather ForecastTests" */;
			buildPhases = (
				81DA58702717928A005ED135 /* Sources */,
				81DA58712717928A005ED135 /* Frameworks */,
				81DA58722717928A005ED135 /* Resources */,
			);
			buildRules = (
			);
			dependencies = (
				81DA58762717928A005ED135 /* PBXTargetDependency */,
			);
			name = "Weather ForecastTests";
			productName = WeatherForecastTests;
			productReference = 81DA58742717928A005ED135 /* Weather ForecastTests.xctest */;
			productType = "com.apple.product-type.bundle.unit-test";
		};
		81DA587E2717928A005ED135 /* Weather ForecastUITests */ = {
			isa = PBXNativeTarget;
			buildConfigurationList = 81DA588E2717928A005ED135 /* Build configuration list for PBXNativeTarget "Weather ForecastUITests" */;
			buildPhases = (
				81DA587B2717928A005ED135 /* Sources */,
				81DA587C2717928A005ED135 /* Frameworks */,
				81DA587D2717928A005ED135 /* Resources */,
			);
			buildRules = (
			);
			dependencies = (
				81DA58812717928A005ED135 /* PBXTargetDependency */,
			);
			name = "Weather ForecastUITests";
			productName = WeatherForecastUITests;
			productReference = 81DA587F2717928A005ED135 /* Weather ForecastUITests.xctest */;
			productType = "com.apple.product-type.bundle.ui-testing";
		};
/* End PBXNativeTarget section */

/* Begin PBXProject section */
		81DA585B27179288005ED135 /* Project object */ = {
			isa = PBXProject;
			attributes = {
				LastSwiftUpdateCheck = 1250;
				LastUpgradeCheck = 1250;
				TargetAttributes = {
					81DA586227179288005ED135 = {
						CreatedOnToolsVersion = 12.5.1;
					};
					81DA58732717928A005ED135 = {
						CreatedOnToolsVersion = 12.5.1;
						TestTargetID = 81DA586227179288005ED135;
					};
					81DA587E2717928A005ED135 = {
						CreatedOnToolsVersion = 12.5.1;
						TestTargetID = 81DA586227179288005ED135;
					};
				};
			};
			buildConfigurationList = 81DA585E27179288005ED135 /* Build configuration list for PBXProject "Weather Forecast" */;
			compatibilityVersion = "Xcode 9.3";
			developmentRegion = en;
			hasScannedForEncodings = 0;
			knownRegions = (
				en,
				Base,
			);
			mainGroup = 81DA585A27179288005ED135;
			productRefGroup = 81DA586427179288005ED135 /* Products */;
			projectDirPath = "";
			projectRoot = "";
			targets = (
				81DA586227179288005ED135 /* Weather Forecast */,
				81DA58732717928A005ED135 /* Weather ForecastTests */,
				81DA587E2717928A005ED135 /* Weather ForecastUITests */,
			);
		};
/* End PBXProject section */

/* Begin PBXResourcesBuildPhase section */
		81DA586127179288005ED135 /* Resources */ = {
			isa = PBXResourcesBuildPhase;
			buildActionMask = 2147483647;
			files = (
				81DA586E2717928A005ED135 /* Preview Assets.xcassets in Resources */,
				81DA586B2717928A005ED135 /* Assets.xcassets in Resources */,
			);
			runOnlyForDeploymentPostprocessing = 0;
		};
		81DA58722717928A005ED135 /* Resources */ = {
			isa = PBXResourcesBuildPhase;
			buildActionMask = 2147483647;
			files = (
			);
			runOnlyForDeploymentPostprocessing = 0;
		};
		81DA587D2717928A005ED135 /* Resources */ = {
			isa = PBXResourcesBuildPhase;
			buildActionMask = 2147483647;
			files = (
			);
			runOnlyForDeploymentPostprocessing = 0;
		};
/* End PBXResourcesBuildPhase section */

/* Begin PBXSourcesBuildPhase section */
		81DA585F27179288005ED135 /* Sources */ = {
			isa = PBXSourcesBuildPhase;
			buildActionMask = 2147483647;
			files = (
				8125035127281EAC0097821A /* WeatherView.swift in Sources */,
				81DA586927179288005ED135 /* CityView.swift in Sources */,
				81DA586727179288005ED135 /* WeatherForecastApp.swift in Sources */,
				8125034D2728031A0097821A /* City.swift in Sources */,
				8125034F272804270097821A /* CityViewModel.swift in Sources */,
			);
			runOnlyForDeploymentPostprocessing = 0;
		};
		81DA58702717928A005ED135 /* Sources */ = {
			isa = PBXSourcesBuildPhase;
			buildActionMask = 2147483647;
			files = (
				81DA58792717928A005ED135 /* WeatherForecastTests.swift in Sources */,
			);
			runOnlyForDeploymentPostprocessing = 0;
		};
		81DA587B2717928A005ED135 /* Sources */ = {
			isa = PBXSourcesBuildPhase;
			buildActionMask = 2147483647;
			files = (
				81DA58842717928A005ED135 /* WeatherForecastUITests.swift in Sources */,
			);
			runOnlyForDeploymentPostprocessing = 0;
		};
/* End PBXSourcesBuildPhase section */

/* Begin PBXTargetDependency section */
		81DA58762717928A005ED135 /* PBXTargetDependency */ = {
			isa = PBXTargetDependency;
			target = 81DA586227179288005ED135 /* Weather Forecast */;
			targetProxy = 81DA58752717928A005ED135 /* PBXContainerItemProxy */;
		};
		81DA58812717928A005ED135 /* PBXTargetDependency */ = {
			isa = PBXTargetDependency;
			target = 81DA586227179288005ED135 /* Weather Forecast */;
			targetProxy = 81DA58802717928A005ED135 /* PBXContainerItemProxy */;
		};
/* End PBXTargetDependency section */

/* Begin XCBuildConfiguration section */
		81DA58862717928A005ED135 /* Debug */ = {
			isa = XCBuildConfiguration;
			buildSettings = {
				ALWAYS_SEARCH_USER_PATHS = NO;
				CLANG_ANALYZER_NONNULL = YES;
				CLANG_ANALYZER_NUMBER_OBJECT_CONVERSION = YES_AGGRESSIVE;
				CLANG_CXX_LANGUAGE_STANDARD = "gnu++14";
				CLANG_CXX_LIBRARY = "libc++";
				CLANG_ENABLE_MODULES = YES;
				CLANG_ENABLE_OBJC_ARC = YES;
				CLANG_ENABLE_OBJC_WEAK = YES;
				CLANG_WARN_BLOCK_CAPTURE_AUTORELEASING = YES;
				CLANG_WARN_BOOL_CONVERSION = YES;
				CLANG_WARN_COMMA = YES;
				CLANG_WARN_CONSTANT_CONVERSION = YES;
				CLANG_WARN_DEPRECATED_OBJC_IMPLEMENTATIONS = YES;
				CLANG_WARN_DIRECT_OBJC_ISA_USAGE = YES_ERROR;
				CLANG_WARN_DOCUMENTATION_COMMENTS = YES;
				CLANG_WARN_EMPTY_BODY = YES;
				CLANG_WARN_ENUM_CONVERSION = YES;
				CLANG_WARN_INFINITE_RECURSION = YES;
				CLANG_WARN_INT_CONVERSION = YES;
				CLANG_WARN_NON_LITERAL_NULL_CONVERSION = YES;
				CLANG_WARN_OBJC_IMPLICIT_RETAIN_SELF = YES;
				CLANG_WARN_OBJC_LITERAL_CONVERSION = YES;
				CLANG_WARN_OBJC_ROOT_CLASS = YES_ERROR;
				CLANG_WARN_QUOTED_INCLUDE_IN_FRAMEWORK_HEADER = YES;
				CLANG_WARN_RANGE_LOOP_ANALYSIS = YES;
				CLANG_WARN_STRICT_PROTOTYPES = YES;
				CLANG_WARN_SUSPICIOUS_MOVE = YES;
				CLANG_WARN_UNGUARDED_AVAILABILITY = YES_AGGRESSIVE;
				CLANG_WARN_UNREACHABLE_CODE = YES;
				CLANG_WARN__DUPLICATE_METHOD_MATCH = YES;
				COPY_PHASE_STRIP = NO;
				DEBUG_INFORMATION_FORMAT = dwarf;
				ENABLE_STRICT_OBJC_MSGSEND = YES;
				ENABLE_TESTABILITY = YES;
				GCC_C_LANGUAGE_STANDARD = gnu11;
				GCC_DYNAMIC_NO_PIC = NO;
				GCC_NO_COMMON_BLOCKS = YES;
				GCC_OPTIMIZATION_LEVEL = 0;
				GCC_PREPROCESSOR_DEFINITIONS = (
					"DEBUG=1",
					"$(inherited)",
				);
				GCC_WARN_64_TO_32_BIT_CONVERSION = YES;
				GCC_WARN_ABOUT_RETURN_TYPE = YES_ERROR;
				GCC_WARN_UNDECLARED_SELECTOR = YES;
				GCC_WARN_UNINITIALIZED_AUTOS = YES_AGGRESSIVE;
				GCC_WARN_UNUSED_FUNCTION = YES;
				GCC_WARN_UNUSED_VARIABLE = YES;
				IPHONEOS_DEPLOYMENT_TARGET = 14.5;
				MTL_ENABLE_DEBUG_INFO = INCLUDE_SOURCE;
				MTL_FAST_MATH = YES;
				ONLY_ACTIVE_ARCH = YES;
				SDKROOT = iphoneos;
				SWIFT_ACTIVE_COMPILATION_CONDITIONS = DEBUG;
				SWIFT_OPTIMIZATION_LEVEL = "-Onone";
			};
			name = Debug;
		};
		81DA58872717928A005ED135 /* Release */ = {
			isa = XCBuildConfiguration;
			buildSettings = {
				ALWAYS_SEARCH_USER_PATHS = NO;
				CLANG_ANALYZER_NONNULL = YES;
				CLANG_ANALYZER_NUMBER_OBJECT_CONVERSION = YES_AGGRESSIVE;
				CLANG_CXX_LANGUAGE_STANDARD = "gnu++14";
				CLANG_CXX_LIBRARY = "libc++";
				CLANG_ENABLE_MODULES = YES;
				CLANG_ENABLE_OBJC_ARC = YES;
				CLANG_ENABLE_OBJC_WEAK = YES;
				CLANG_WARN_BLOCK_CAPTURE_AUTORELEASING = YES;
				CLANG_WARN_BOOL_CONVERSION = YES;
				CLANG_WARN_COMMA = YES;
				CLANG_WARN_CONSTANT_CONVERSION = YES;
				CLANG_WARN_DEPRECATED_OBJC_IMPLEMENTATIONS = YES;
				CLANG_WARN_DIRECT_OBJC_ISA_USAGE = YES_ERROR;
				CLANG_WARN_DOCUMENTATION_COMMENTS = YES;
				CLANG_WARN_EMPTY_BODY = YES;
				CLANG_WARN_ENUM_CONVERSION = YES;
				CLANG_WARN_INFINITE_RECURSION = YES;
				CLANG_WARN_INT_CONVERSION = YES;
				CLANG_WARN_NON_LITERAL_NULL_CONVERSION = YES;
				CLANG_WARN_OBJC_IMPLICIT_RETAIN_SELF = YES;
				CLANG_WARN_OBJC_LITERAL_CONVERSION = YES;
				CLANG_WARN_OBJC_ROOT_CLASS = YES_ERROR;
				CLANG_WARN_QUOTED_INCLUDE_IN_FRAMEWORK_HEADER = YES;
				CLANG_WARN_RANGE_LOOP_ANALYSIS = YES;
				CLANG_WARN_STRICT_PROTOTYPES = YES;
				CLANG_WARN_SUSPICIOUS_MOVE = YES;
				CLANG_WARN_UNGUARDED_AVAILABILITY = YES_AGGRESSIVE;
				CLANG_WARN_UNREACHABLE_CODE = YES;
				CLANG_WARN__DUPLICATE_METHOD_MATCH = YES;
				COPY_PHASE_STRIP = NO;
				DEBUG_INFORMATION_FORMAT = "dwarf-with-dsym";
				ENABLE_NS_ASSERTIONS = NO;
				ENABLE_STRICT_OBJC_MSGSEND = YES;
				GCC_C_LANGUAGE_STANDARD = gnu11;
				GCC_NO_COMMON_BLOCKS = YES;
				GCC_WARN_64_TO_32_BIT_CONVERSION = YES;
				GCC_WARN_ABOUT_RETURN_TYPE = YES_ERROR;
				GCC_WARN_UNDECLARED_SELECTOR = YES;
				GCC_WARN_UNINITIALIZED_AUTOS = YES_AGGRESSIVE;
				GCC_WARN_UNUSED_FUNCTION = YES;
				GCC_WARN_UNUSED_VARIABLE = YES;
				IPHONEOS_DEPLOYMENT_TARGET = 14.5;
				MTL_ENABLE_DEBUG_INFO = NO;
				MTL_FAST_MATH = YES;
				SDKROOT = iphoneos;
				SWIFT_COMPILATION_MODE = wholemodule;
				SWIFT_OPTIMIZATION_LEVEL = "-O";
				VALIDATE_PRODUCT = YES;
			};
			name = Release;
		};
		81DA58892717928A005ED135 /* Debug */ = {
			isa = XCBuildConfiguration;
			buildSettings = {
				ASSETCATALOG_COMPILER_APPICON_NAME = AppIcon;
				ASSETCATALOG_COMPILER_GLOBAL_ACCENT_COLOR_NAME = AccentColor;
				CODE_SIGN_STYLE = Automatic;
				DEVELOPMENT_ASSET_PATHS = "\"WeatherForecast/Preview Content\"";
				ENABLE_PREVIEWS = YES;
				INFOPLIST_FILE = WeatherForecast/Info.plist;
				IPHONEOS_DEPLOYMENT_TARGET = 14.0;
				LD_RUNPATH_SEARCH_PATHS = (
					"$(inherited)",
					"@executable_path/Frameworks",
				);
				PRODUCT_BUNDLE_IDENTIFIER = sdu.mmmi.WeatherForecast;
				PRODUCT_NAME = "Weather Forecast";
				SWIFT_VERSION = 5.0;
				TARGETED_DEVICE_FAMILY = "1,2";
			};
			name = Debug;
		};
		81DA588A2717928A005ED135 /* Release */ = {
			isa = XCBuildConfiguration;
			buildSettings = {
				ASSETCATALOG_COMPILER_APPICON_NAME = AppIcon;
				ASSETCATALOG_COMPILER_GLOBAL_ACCENT_COLOR_NAME = AccentColor;
				CODE_SIGN_STYLE = Automatic;
				DEVELOPMENT_ASSET_PATHS = "\"WeatherForecast/Preview Content\"";
				ENABLE_PREVIEWS = YES;
				INFOPLIST_FILE = WeatherForecast/Info.plist;
				IPHONEOS_DEPLOYMENT_TARGET = 14.0;
				LD_RUNPATH_SEARCH_PATHS = (
					"$(inherited)",
					"@executable_path/Frameworks",
				);
				PRODUCT_BUNDLE_IDENTIFIER = sdu.mmmi.WeatherForecast;
				PRODUCT_NAME = "Weather Forecast";
				SWIFT_VERSION = 5.0;
				TARGETED_DEVICE_FAMILY = "1,2";
			};
			name = Release;
		};
		81DA588C2717928A005ED135 /* Debug */ = {
			isa = XCBuildConfiguration;
			buildSettings = {
				ALWAYS_EMBED_SWIFT_STANDARD_LIBRARIES = YES;
				BUNDLE_LOADER = "$(TEST_HOST)";
				CODE_SIGN_STYLE = Automatic;
				INFOPLIST_FILE = WeatherForecastTests/Info.plist;
				IPHONEOS_DEPLOYMENT_TARGET = 14.0;
				LD_RUNPATH_SEARCH_PATHS = (
					"$(inherited)",
					"@executable_path/Frameworks",
					"@loader_path/Frameworks",
				);
				PRODUCT_BUNDLE_IDENTIFIER = sdu.mmmi.WeatherForecastTests;
				PRODUCT_NAME = "$(TARGET_NAME)";
				SWIFT_VERSION = 5.0;
				TARGETED_DEVICE_FAMILY = "1,2";
				TEST_HOST = "$(BUILT_PRODUCTS_DIR)/Weather Forecast.app/Weather Forecast";
			};
			name = Debug;
		};
		81DA588D2717928A005ED135 /* Release */ = {
			isa = XCBuildConfiguration;
			buildSettings = {
				ALWAYS_EMBED_SWIFT_STANDARD_LIBRARIES = YES;
				BUNDLE_LOADER = "$(TEST_HOST)";
				CODE_SIGN_STYLE = Automatic;
				INFOPLIST_FILE = WeatherForecastTests/Info.plist;
				IPHONEOS_DEPLOYMENT_TARGET = 14.0;
				LD_RUNPATH_SEARCH_PATHS = (
					"$(inherited)",
					"@executable_path/Frameworks",
					"@loader_path/Frameworks",
				);
				PRODUCT_BUNDLE_IDENTIFIER = sdu.mmmi.WeatherForecastTests;
				PRODUCT_NAME = "$(TARGET_NAME)";
				SWIFT_VERSION = 5.0;
				TARGETED_DEVICE_FAMILY = "1,2";
				TEST_HOST = "$(BUILT_PRODUCTS_DIR)/Weather Forecast.app/Weather Forecast";
			};
			name = Release;
		};
		81DA588F2717928A005ED135 /* Debug */ = {
			isa = XCBuildConfiguration;
			buildSettings = {
				ALWAYS_EMBED_SWIFT_STANDARD_LIBRARIES = YES;
				CODE_SIGN_STYLE = Automatic;
				INFOPLIST_FILE = WeatherForecastUITests/Info.plist;
				LD_RUNPATH_SEARCH_PATHS = (
					"$(inherited)",
					"@executable_path/Frameworks",
					"@loader_path/Frameworks",
				);
				PRODUCT_BUNDLE_IDENTIFIER = sdu.mmmi.WeatherForecastUITests;
				PRODUCT_NAME = "$(TARGET_NAME)";
				SWIFT_VERSION = 5.0;
				TARGETED_DEVICE_FAMILY = "1,2";
				TEST_TARGET_NAME = WeatherForecast;
			};
			name = Debug;
		};
		81DA58902717928A005ED135 /* Release */ = {
			isa = XCBuildConfiguration;
			buildSettings = {
				ALWAYS_EMBED_SWIFT_STANDARD_LIBRARIES = YES;
				CODE_SIGN_STYLE = Automatic;
				INFOPLIST_FILE = WeatherForecastUITests/Info.plist;
				LD_RUNPATH_SEARCH_PATHS = (
					"$(inherited)",
					"@executable_path/Frameworks",
					"@loader_path/Frameworks",
				);
				PRODUCT_BUNDLE_IDENTIFIER = sdu.mmmi.WeatherForecastUITests;
				PRODUCT_NAME = "$(TARGET_NAME)";
				SWIFT_VERSION = 5.0;
				TARGETED_DEVICE_FAMILY = "1,2";
				TEST_TARGET_NAME = WeatherForecast;
			};
			name = Release;
		};
/* End XCBuildConfiguration section */

/* Begin XCConfigurationList section */
		81DA585E27179288005ED135 /* Build configuration list for PBXProject "Weather Forecast" */ = {
			isa = XCConfigurationList;
			buildConfigurations = (
				81DA58862717928A005ED135 /* Debug */,
				81DA58872717928A005ED135 /* Release */,
			);
			defaultConfigurationIsVisible = 0;
			defaultConfigurationName = Release;
		};
		81DA58882717928A005ED135 /* Build configuration list for PBXNativeTarget "Weather Forecast" */ = {
			isa = XCConfigurationList;
			buildConfigurations = (
				81DA58892717928A005ED135 /* Debug */,
				81DA588A2717928A005ED135 /* Release */,
			);
			defaultConfigurationIsVisible = 0;
			defaultConfigurationName = Release;
		};
		81DA588B2717928A005ED135 /* Build configuration list for PBXNativeTarget "Weather ForecastTests" */ = {
			isa = XCConfigurationList;
			buildConfigurations = (
				81DA588C2717928A005ED135 /* Debug */,
				81DA588D2717928A005ED135 /* Release */,
			);
			defaultConfigurationIsVisible = 0;
			defaultConfigurationName = Release;
		};
		81DA588E2717928A005ED135 /* Build configuration list for PBXNativeTarget "Weather ForecastUITests" */ = {
			isa = XCConfigurationList;
			buildConfigurations = (
				81DA588F2717928A005ED135 /* Debug */,
				81DA58902717928A005ED135 /* Release */,
			);
			defaultConfigurationIsVisible = 0;
			defaultConfigurationName = Release;
		};
/* End XCConfigurationList section */
	};
	rootObject = 81DA585B27179288005ED135 /* Project object */;
}
